
Microsoft Visual Studio Solution File, Format Version 12.00
Project("{FAE04EC0-301F-11D3-BF4B-00C04F79EFBC}") = "CrashCourse_PetShop_2021", "CrashCourse_PetShop_2021\CrashCourse_PetShop_2021.csproj", "{B056BADE-8A93-421C-99E4-F8D7B8DF358A}"
EndProject
Project("{2150E333-8FDC-42A3-9474-1A3956D46DE8}") = "Core", "Core", "{0AFDD385-A4AB-439B-908D-3B5298AA08A0}"
EndProject
Project("{2150E333-8FDC-42A3-9474-1A3956D46DE8}") = "Infrastructure", "Infrastructure", "{E1EC3898-1C25-4626-9644-C7F6C55ACA02}"
EndProject
Project("{2150E333-8FDC-42A3-9474-1A3956D46DE8}") = "UI", "UI", "{E751C331-BE15-4146-8DF3-9475180A4BDC}"
EndProject
Project("{FAE04EC0-301F-11D3-BF4B-00C04F79EFBC}") = "PetShop.Core", "PetShop.Core\PetShop.Core.csproj", "{430BF086-16EC-4619-8DF7-48D349037BE1}"
EndProject
Project("{FAE04EC0-301F-11D3-BF4B-00C04F79EFBC}") = "PetShop.Domain", "PetShop.Domain\PetShop.Domain.csproj", "{E030DE40-4EFE-41F5-94AC-250FB17CE963}"
EndProject
Project("{FAE04EC0-301F-11D3-BF4B-00C04F79EFBC}") = "PetShop.Infrastructure.Data", "PetShop.Infrastructure.Data\PetShop.Infrastructure.Data.csproj", "{0BCF18B4-2034-4690-B203-9BD163F67DD2}"
EndProject
Global
	GlobalSection(SolutionConfigurationPlatforms) = preSolution
		Debug|Any CPU = Debug|Any CPU
		Release|Any CPU = Release|Any CPU
	EndGlobalSection
	GlobalSection(ProjectConfigurationPlatforms) = postSolution
		{B056BADE-8A93-421C-99E4-F8D7B8DF358A}.Debug|Any CPU.ActiveCfg = Debug|Any CPU
		{B056BADE-8A93-421C-99E4-F8D7B8DF358A}.Debug|Any CPU.Build.0 = Debug|Any CPU
		{B056BADE-8A93-421C-99E4-F8D7B8DF358A}.Release|Any CPU.ActiveCfg = Release|Any CPU
		{B056BADE-8A93-421C-99E4-F8D7B8DF358A}.Release|Any CPU.Build.0 = Release|Any CPU
		{430BF086-16EC-4619-8DF7-48D349037BE1}.Debug|Any CPU.ActiveCfg = Debug|Any CPU
		{430BF086-16EC-4619-8DF7-48D349037BE1}.Debug|Any CPU.Build.0 = Debug|Any CPU
		{430BF086-16EC-4619-8DF7-48D349037BE1}.Release|Any CPU.ActiveCfg = Release|Any CPU
		{430BF086-16EC-4619-8DF7-48D349037BE1}.Release|Any CPU.Build.0 = Release|Any CPU
		{E030DE40-4EFE-41F5-94AC-250FB17CE963}.Debug|Any CPU.ActiveCfg = Debug|Any CPU
		{E030DE40-4EFE-41F5-94AC-250FB17CE963}.Debug|Any CPU.Build.0 = Debug|Any CPU
		{E030DE40-4EFE-41F5-94AC-250FB17CE963}.Release|Any CPU.ActiveCfg = Release|Any CPU
		{E030DE40-4EFE-41F5-94AC-250FB17CE963}.Release|Any CPU.Build.0 = Release|Any CPU
		{0BCF18B4-2034-4690-B203-9BD163F67DD2}.Debug|Any CPU.ActiveCfg = Debug|Any CPU
		{0BCF18B4-2034-4690-B203-9BD163F67DD2}.Debug|Any CPU.Build.0 = Debug|Any CPU
		{0BCF18B4-2034-4690-B203-9BD163F67DD2}.Release|Any CPU.ActiveCfg = Release|Any CPU
		{0BCF18B4-2034-4690-B203-9BD163F67DD2}.Release|Any CPU.Build.0 = Release|Any CPU
	EndGlobalSection
	GlobalSection(NestedProjects) = preSolution
		{B056BADE-8A93-421C-99E4-F8D7B8DF358A} = {E751C331-BE15-4146-8DF3-9475180A4BDC}
		{430BF086-16EC-4619-8DF7-48D349037BE1} = {0AFDD385-A4AB-439B-908D-3B5298AA08A0}
		{E030DE40-4EFE-41F5-94AC-250FB17CE963} = {0AFDD385-A4AB-439B-908D-3B5298AA08A0}
		{0BCF18B4-2034-4690-B203-9BD163F67DD2} = {E1EC3898-1C25-4626-9644-C7F6C55ACA02}
	EndGlobalSection
EndGlobal
